
Microsoft Visual Studio Solution File, Format Version 12.00
# Visual Studio 14
VisualStudioVersion = 14.0.25420.1
MinimumVisualStudioVersion = 10.0.40219.1
Project("{FAE04EC0-301F-11D3-BF4B-00C04F79EFBC}") = "MVC6amNaturalsBatch", "MVC6amNaturalsBatch\MVC6amNaturalsBatch.csproj", "{BB9DBF58-6280-44AF-8B0D-3B33B387AC86}"
EndProject
Project("{FAE04EC0-301F-11D3-BF4B-00C04F79EFBC}") = "AdoDotnet", "AdoDotnet\AdoDotnet.csproj", "{EEB55D1E-EE70-4DEC-BEF1-564AB82C19AF}"
EndProject
Project("{FAE04EC0-301F-11D3-BF4B-00C04F79EFBC}") = "databaseFirstApproach", "databaseFirstApproach\databaseFirstApproach.csproj", "{73143E8F-776C-4B20-95DE-7EB7B0F4E9B1}"
EndProject
Project("{FAE04EC0-301F-11D3-BF4B-00C04F79EFBC}") = "CodeFirstApproach", "CodeFirstApproach\CodeFirstApproach.csproj", "{4FEB2D59-084B-4496-A3A7-3CC0DFB62063}"
EndProject
Global
	GlobalSection(SolutionConfigurationPlatforms) = preSolution
		Debug|Any CPU = Debug|Any CPU
		Release|Any CPU = Release|Any CPU
	EndGlobalSection
	GlobalSection(ProjectConfigurationPlatforms) = postSolution
		{BB9DBF58-6280-44AF-8B0D-3B33B387AC86}.Debug|Any CPU.ActiveCfg = Debug|Any CPU
		{BB9DBF58-6280-44AF-8B0D-3B33B387AC86}.Debug|Any CPU.Build.0 = Debug|Any CPU
		{BB9DBF58-6280-44AF-8B0D-3B33B387AC86}.Release|Any CPU.ActiveCfg = Release|Any CPU
		{BB9DBF58-6280-44AF-8B0D-3B33B387AC86}.Release|Any CPU.Build.0 = Release|Any CPU
		{EEB55D1E-EE70-4DEC-BEF1-564AB82C19AF}.Debug|Any CPU.ActiveCfg = Debug|Any CPU
		{EEB55D1E-EE70-4DEC-BEF1-564AB82C19AF}.Debug|Any CPU.Build.0 = Debug|Any CPU
		{EEB55D1E-EE70-4DEC-BEF1-564AB82C19AF}.Release|Any CPU.ActiveCfg = Release|Any CPU
		{EEB55D1E-EE70-4DEC-BEF1-564AB82C19AF}.Release|Any CPU.Build.0 = Release|Any CPU
		{73143E8F-776C-4B20-95DE-7EB7B0F4E9B1}.Debug|Any CPU.ActiveCfg = Debug|Any CPU
		{73143E8F-776C-4B20-95DE-7EB7B0F4E9B1}.Debug|Any CPU.Build.0 = Debug|Any CPU
		{73143E8F-776C-4B20-95DE-7EB7B0F4E9B1}.Release|Any CPU.ActiveCfg = Release|Any CPU
		{73143E8F-776C-4B20-95DE-7EB7B0F4E9B1}.Release|Any CPU.Build.0 = Release|Any CPU
		{4FEB2D59-084B-4496-A3A7-3CC0DFB62063}.Debug|Any CPU.ActiveCfg = Debug|Any CPU
		{4FEB2D59-084B-4496-A3A7-3CC0DFB62063}.Debug|Any CPU.Build.0 = Debug|Any CPU
		{4FEB2D59-084B-4496-A3A7-3CC0DFB62063}.Release|Any CPU.ActiveCfg = Release|Any CPU
		{4FEB2D59-084B-4496-A3A7-3CC0DFB62063}.Release|Any CPU.Build.0 = Release|Any CPU
	EndGlobalSection
	GlobalSection(SolutionProperties) = preSolution
		HideSolutionNode = FALSE
	EndGlobalSection
EndGlobal
